
Microsoft Visual Studio Solution File, Format Version 12.00
# Visual Studio 14
VisualStudioVersion = 14.0.25420.1
MinimumVisualStudioVersion = 10.0.40219.1
Project("{FAE04EC0-301F-11D3-BF4B-00C04F79EFBC}") = "MatrixProConsole", "MatrixProConsole\MatrixProConsole.csproj", "{9797801D-6EC1-4478-A1CA-A67692ADD56E}"
EndProject
Project("{FAE04EC0-301F-11D3-BF4B-00C04F79EFBC}") = "LinearAlgebra", "LinearAlgebra\LinearAlgebra.csproj", "{57FF52DB-3512-43A6-96D1-4C2AEC753A63}"
EndProject
Global
	GlobalSection(SolutionConfigurationPlatforms) = preSolution
		Debug|Any CPU = Debug|Any CPU
		Release|Any CPU = Release|Any CPU
	EndGlobalSection
	GlobalSection(ProjectConfigurationPlatforms) = postSolution
		{9797801D-6EC1-4478-A1CA-A67692ADD56E}.Debug|Any CPU.ActiveCfg = Debug|Any CPU
		{9797801D-6EC1-4478-A1CA-A67692ADD56E}.Debug|Any CPU.Build.0 = Debug|Any CPU
		{9797801D-6EC1-4478-A1CA-A67692ADD56E}.Release|Any CPU.ActiveCfg = Release|Any CPU
		{9797801D-6EC1-4478-A1CA-A67692ADD56E}.Release|Any CPU.Build.0 = Release|Any CPU
		{57FF52DB-3512-43A6-96D1-4C2AEC753A63}.Debug|Any CPU.ActiveCfg = Debug|Any CPU
		{57FF52DB-3512-43A6-96D1-4C2AEC753A63}.Debug|Any CPU.Build.0 = Debug|Any CPU
		{57FF52DB-3512-43A6-96D1-4C2AEC753A63}.Release|Any CPU.ActiveCfg = Release|Any CPU
		{57FF52DB-3512-43A6-96D1-4C2AEC753A63}.Release|Any CPU.Build.0 = Release|Any CPU
	EndGlobalSection
	GlobalSection(SolutionProperties) = preSolution
		HideSolutionNode = FALSE
	EndGlobalSection
EndGlobal
